
Microsoft Visual Studio Solution File, Format Version 12.00
# Visual Studio 14
VisualStudioVersion = 14.0.22823.1
MinimumVisualStudioVersion = 10.0.40219.1
Project("{FAE04EC0-301F-11D3-BF4B-00C04F79EFBC}") = "PlayingWithShouldly", "PlayingWithShouldly\PlayingWithShouldly.csproj", "{9D22F255-5250-4618-8BB3-5CA4F0CA437B}"
EndProject
Project("{FAE04EC0-301F-11D3-BF4B-00C04F79EFBC}") = "PlayingWithShouldly.Tests", "PlayingWithShouldly.Tests\PlayingWithShouldly.Tests.csproj", "{4AFFA6C4-98A6-443F-8E8B-EFF6B404D8F4}"
EndProject
Global
	GlobalSection(SolutionConfigurationPlatforms) = preSolution
		Debug|Any CPU = Debug|Any CPU
		Release|Any CPU = Release|Any CPU
	EndGlobalSection
	GlobalSection(ProjectConfigurationPlatforms) = postSolution
		{9D22F255-5250-4618-8BB3-5CA4F0CA437B}.Debug|Any CPU.ActiveCfg = Debug|Any CPU
		{9D22F255-5250-4618-8BB3-5CA4F0CA437B}.Debug|Any CPU.Build.0 = Debug|Any CPU
		{9D22F255-5250-4618-8BB3-5CA4F0CA437B}.Release|Any CPU.ActiveCfg = Release|Any CPU
		{9D22F255-5250-4618-8BB3-5CA4F0CA437B}.Release|Any CPU.Build.0 = Release|Any CPU
		{4AFFA6C4-98A6-443F-8E8B-EFF6B404D8F4}.Debug|Any CPU.ActiveCfg = Debug|Any CPU
		{4AFFA6C4-98A6-443F-8E8B-EFF6B404D8F4}.Debug|Any CPU.Build.0 = Debug|Any CPU
		{4AFFA6C4-98A6-443F-8E8B-EFF6B404D8F4}.Release|Any CPU.ActiveCfg = Release|Any CPU
		{4AFFA6C4-98A6-443F-8E8B-EFF6B404D8F4}.Release|Any CPU.Build.0 = Release|Any CPU
	EndGlobalSection
	GlobalSection(SolutionProperties) = preSolution
		HideSolutionNode = FALSE
	EndGlobalSection
EndGlobal
